
Microsoft Visual Studio Solution File, Format Version 12.00
# Visual Studio Version 17
VisualStudioVersion = 17.11.35431.28
MinimumVisualStudioVersion = 10.0.40219.1
Project("{9A19103F-16F7-4668-BE54-9A1E7A4F7556}") = "DataStructureTests", "DataStructureTests\DataStructureTests.csproj", "{1F0C2773-2E69-40AB-BF46-867B99054EF9}"
EndProject
Project("{9A19103F-16F7-4668-BE54-9A1E7A4F7556}") = "DataStructures", "DataStructures\DataStructures.csproj", "{24BC98DE-878A-4131-A931-641D5884C4B9}"
EndProject
Global
	GlobalSection(SolutionConfigurationPlatforms) = preSolution
		Debug|Any CPU = Debug|Any CPU
		Release|Any CPU = Release|Any CPU
	EndGlobalSection
	GlobalSection(ProjectConfigurationPlatforms) = postSolution
		{1F0C2773-2E69-40AB-BF46-867B99054EF9}.Debug|Any CPU.ActiveCfg = Debug|Any CPU
		{1F0C2773-2E69-40AB-BF46-867B99054EF9}.Debug|Any CPU.Build.0 = Debug|Any CPU
		{1F0C2773-2E69-40AB-BF46-867B99054EF9}.Release|Any CPU.ActiveCfg = Release|Any CPU
		{1F0C2773-2E69-40AB-BF46-867B99054EF9}.Release|Any CPU.Build.0 = Release|Any CPU
		{24BC98DE-878A-4131-A931-641D5884C4B9}.Debug|Any CPU.ActiveCfg = Debug|Any CPU
		{24BC98DE-878A-4131-A931-641D5884C4B9}.Debug|Any CPU.Build.0 = Debug|Any CPU
		{24BC98DE-878A-4131-A931-641D5884C4B9}.Release|Any CPU.ActiveCfg = Release|Any CPU
		{24BC98DE-878A-4131-A931-641D5884C4B9}.Release|Any CPU.Build.0 = Release|Any CPU
	EndGlobalSection
	GlobalSection(SolutionProperties) = preSolution
		HideSolutionNode = FALSE
	EndGlobalSection
	GlobalSection(ExtensibilityGlobals) = postSolution
		SolutionGuid = {E5F73030-73E9-40D3-809E-3A7091879F03}
	EndGlobalSection
EndGlobal
